{
    "_meta": {
        "hash": {
            "sha256": "b7429470c0d47eb788cacd53e80a34bc495fedd7219fe0c6cc88c1ec2f88c643"
        },
        "pipfile-spec": 6,
        "requires": {
            "python_version": "3.7"
        },
        "sources": [
            {
                "name": "pypi",
                "url": "https://pypi.org/simple",
                "verify_ssl": true
            }
        ]
    },
    "default": {
        "appdirs": {
            "hashes": [
                "sha256:9e5896d1372858f8dd3344faf4e5014d21849c756c8d5701f78f8a103b372d92",
                "sha256:d8b24664561d0d34ddfaec54636d502d7cea6e29c3eaf68f3df6180863e2166e"
            ],
            "version": "==1.4.3"
        },
        "asn1crypto": {
            "hashes": [
                "sha256:2f1adbb7546ed199e3c90ef23ec95c5cf3585bac7d11fb7eb562a3fe89c64e87",
                "sha256:9d5c20441baf0cb60a4ac34cc447c6c189024b6b4c6cd7877034f4965c464e49"
            ],
            "version": "==0.24.0"
        },
        "aspy.yaml": {
            "hashes": [
                "sha256:04d26279513618f1024e1aba46471db870b3b33aef204c2d09bcf93bea9ba13f",
                "sha256:0a77e23fafe7b242068ffc0252cee130d3e509040908fc678d9d1060e7494baa"
            ],
            "version": "==1.1.1"
        },
        "attrs": {
            "hashes": [
                "sha256:10cbf6e27dbce8c30807caf056c8eb50917e0eaafe86347671b57254006c3e69",
                "sha256:ca4be454458f9dec299268d472aaa5a11f67a4ff70093396e1ceae9c76cf4bbb"
            ],
            "version": "==18.2.0"
        },
        "beautifulsoup4": {
            "hashes": [
                "sha256:194ec62a25438adcb3fdb06378b26559eda1ea8a747367d34c33cef9c7f48d57",
                "sha256:90f8e61121d6ae58362ce3bed8cd997efb00c914eae0ff3d363c32f9a9822d10",
                "sha256:f0abd31228055d698bb392a826528ea08ebb9959e6bea17c606fd9c9009db938"
            ],
            "version": "==4.6.3"
        },
        "black": {
            "hashes": [
                "sha256:817243426042db1d36617910df579a54f1afd659adb96fc5032fcf4b36209739",
                "sha256:e030a9a28f542debc08acceb273f228ac422798e5215ba2a791a6ddeaaca22a5"
            ],
            "index": "pypi",
            "version": "==18.9b0"
        },
        "boto": {
            "hashes": [
                "sha256:147758d41ae7240dc989f0039f27da8ca0d53734be0eb869ef16e3adcfa462e8",
                "sha256:ea0d3b40a2d852767be77ca343b58a9e3a4b00d9db440efb8da74b4e58025e5a"
            ],
            "version": "==2.49.0"
        },
        "boto3": {
            "hashes": [
                "sha256:941c46528cc2460423fd217068660a0814730c5d78a6a6673f61c5b4fa398a05",
                "sha256:ccbf7957711fd0621a45f699d550a1a7e1f2ba5e57418552e49ff63efffcadfd"
            ],
            "version": "==1.9.25"
        },
        "botocore": {
            "hashes": [
                "sha256:b221dedd255d0ba995b54ecdce04d1d539dbf682b48c15cdd0d84bff15f9f3c7",
                "sha256:d93513ad498ec44a17bcbc00de39036934f865417ff4222211be08855b4ed0cd"
            ],
            "version": "==1.12.25"
        },
        "bz2file": {
            "hashes": [
                "sha256:64c1f811e31556ba9931953c8ec7b397488726c63e09a4c67004f43bdd28da88"
            ],
            "version": "==0.98"
        },
        "cached-property": {
            "hashes": [
                "sha256:3a026f1a54135677e7da5ce819b0c690f156f37976f3e30c5430740725203d7f",
                "sha256:9217a59f14a5682da7c4b8829deadbfc194ac22e9908ccf7c8820234e80a1504"
            ],
            "version": "==1.5.1"
        },
        "certifi": {
            "hashes": [
                "sha256:339dc09518b07e2fa7eda5450740925974815557727d6bd35d319c1524a04a4c",
                "sha256:6d58c986d22b038c8c0df30d639f23a3e6d172a05c3583e766f4c0b785c0986a"
            ],
            "version": "==2018.10.15"
        },
        "cffi": {
            "hashes": [
                "sha256:151b7eefd035c56b2b2e1eb9963c90c6302dc15fbd8c1c0a83a163ff2c7d7743",
                "sha256:1553d1e99f035ace1c0544050622b7bc963374a00c467edafac50ad7bd276aef",
                "sha256:1b0493c091a1898f1136e3f4f991a784437fac3673780ff9de3bcf46c80b6b50",
                "sha256:2ba8a45822b7aee805ab49abfe7eec16b90587f7f26df20c71dd89e45a97076f",
                "sha256:3bb6bd7266598f318063e584378b8e27c67de998a43362e8fce664c54ee52d30",
                "sha256:3c85641778460581c42924384f5e68076d724ceac0f267d66c757f7535069c93",
                "sha256:3eb6434197633b7748cea30bf0ba9f66727cdce45117a712b29a443943733257",
                "sha256:495c5c2d43bf6cebe0178eb3e88f9c4aa48d8934aa6e3cddb865c058da76756b",
                "sha256:4c91af6e967c2015729d3e69c2e51d92f9898c330d6a851bf8f121236f3defd3",
                "sha256:57b2533356cb2d8fac1555815929f7f5f14d68ac77b085d2326b571310f34f6e",
                "sha256:770f3782b31f50b68627e22f91cb182c48c47c02eb405fd689472aa7b7aa16dc",
                "sha256:79f9b6f7c46ae1f8ded75f68cf8ad50e5729ed4d590c74840471fc2823457d04",
                "sha256:7a33145e04d44ce95bcd71e522b478d282ad0eafaf34fe1ec5bbd73e662f22b6",
                "sha256:857959354ae3a6fa3da6651b966d13b0a8bed6bbc87a0de7b38a549db1d2a359",
                "sha256:87f37fe5130574ff76c17cab61e7d2538a16f843bb7bca8ebbc4b12de3078596",
                "sha256:95d5251e4b5ca00061f9d9f3d6fe537247e145a8524ae9fd30a2f8fbce993b5b",
                "sha256:9d1d3e63a4afdc29bd76ce6aa9d58c771cd1599fbba8cf5057e7860b203710dd",
                "sha256:a36c5c154f9d42ec176e6e620cb0dd275744aa1d804786a71ac37dc3661a5e95",
                "sha256:a6a5cb8809091ec9ac03edde9304b3ad82ad4466333432b16d78ef40e0cce0d5",
                "sha256:ae5e35a2c189d397b91034642cb0eab0e346f776ec2eb44a49a459e6615d6e2e",
                "sha256:b0f7d4a3df8f06cf49f9f121bead236e328074de6449866515cea4907bbc63d6",
                "sha256:b75110fb114fa366b29a027d0c9be3709579602ae111ff61674d28c93606acca",
                "sha256:ba5e697569f84b13640c9e193170e89c13c6244c24400fc57e88724ef610cd31",
                "sha256:be2a9b390f77fd7676d80bc3cdc4f8edb940d8c198ed2d8c0be1319018c778e1",
                "sha256:ca1bd81f40adc59011f58159e4aa6445fc585a32bb8ac9badf7a2c1aa23822f2",
                "sha256:d5d8555d9bfc3f02385c1c37e9f998e2011f0db4f90e250e5bc0c0a85a813085",
                "sha256:e55e22ac0a30023426564b1059b035973ec82186ddddbac867078435801c7801",
                "sha256:e90f17980e6ab0f3c2f3730e56d1fe9bcba1891eeea58966e89d352492cc74f4",
                "sha256:ecbb7b01409e9b782df5ded849c178a0aa7c906cf8c5a67368047daab282b184",
                "sha256:ed01918d545a38998bfa5902c7c00e0fee90e957ce036a4000a88e3fe2264917",
                "sha256:edabd457cd23a02965166026fd9bfd196f4324fe6032e866d0f3bd0301cd486f",
                "sha256:fdf1c1dc5bafc32bc5d08b054f94d659422b05aba244d6be4ddc1c72d9aa70fb"
            ],
            "markers": "python_version != '3.3.*' and python_version != '3.2.*' and python_version >= '2.7' and python_version != '3.0.*' and python_version != '3.1.*'",
            "version": "==1.11.5"
        },
        "cfgv": {
            "hashes": [
                "sha256:73f48a752bd7aab103c4b882d6596c6360b7aa63b34073dd2c35c7b4b8f93010",
                "sha256:d1791caa9ff5c0c7bce80e7ecc1921752a2eb7c2463a08ed9b6c96b85a2f75aa"
            ],
            "version": "==1.1.0"
        },
        "chardet": {
            "hashes": [
                "sha256:84ab92ed1c4d4f16916e05906b6b75a6c0fb5db821cc65e70cbd64a3e2a5eaae",
                "sha256:fc323ffcaeaed0e0a02bf4d117757b98aed530d9ed4531e3e15460124c106691"
            ],
            "version": "==3.0.4"
        },
        "click": {
            "hashes": [
                "sha256:2335065e6395b9e67ca716de5f7526736bfa6ceead690adf616d925bdc622b13",
                "sha256:5b94b49521f6456670fdb30cd82a4eca9412788a93fa6dd6df72c94d5a8ff2d7"
            ],
            "markers": "python_version != '3.0.*' and python_version != '3.1.*' and python_version != '3.3.*' and python_version != '3.2.*' and python_version >= '2.7'",
            "version": "==7.0"
        },
        "conllu": {
            "hashes": [
                "sha256:c0663f137245e634ffd50b985dc2cc5f9daa715308bb04fb1e1f25d69562601f",
                "sha256:dc187cffd398d3687ba5942c628aa1283738f9b2320bac0364c121b5ca057f2e"
            ],
            "version": "==1.2.1"
        },
        "cryptography": {
            "hashes": [
                "sha256:02602e1672b62e803e08617ec286041cc453e8d43f093a5f4162095506bc0beb",
                "sha256:10b48e848e1edb93c1d3b797c83c72b4c387ab0eb4330aaa26da8049a6cbede0",
                "sha256:17db09db9d7c5de130023657be42689d1a5f60502a14f6f745f6f65a6b8195c0",
                "sha256:227da3a896df1106b1a69b1e319dce218fa04395e8cc78be7e31ca94c21254bc",
                "sha256:2cbaa03ac677db6c821dac3f4cdfd1461a32d0615847eedbb0df54bb7802e1f7",
                "sha256:31db8febfc768e4b4bd826750a70c79c99ea423f4697d1dab764eb9f9f849519",
                "sha256:4a510d268e55e2e067715d728e4ca6cd26a8e9f1f3d174faf88e6f2cb6b6c395",
                "sha256:6a88d9004310a198c474d8a822ee96a6dd6c01efe66facdf17cb692512ae5bc0",
                "sha256:76936ec70a9b72eb8c58314c38c55a0336a2b36de0c7ee8fb874a4547cadbd39",
                "sha256:7e3b4aecc4040928efa8a7cdaf074e868af32c58ffc9bb77e7bf2c1a16783286",
                "sha256:8168bcb08403ef144ff1fb880d416f49e2728101d02aaadfe9645883222c0aa5",
                "sha256:8229ceb79a1792823d87779959184a1bf95768e9248c93ae9f97c7a2f60376a1",
                "sha256:8a19e9f2fe69f6a44a5c156968d9fc8df56d09798d0c6a34ccc373bb186cee86",
                "sha256:8d10113ca826a4c29d5b85b2c4e045ffa8bad74fb525ee0eceb1d38d4c70dfd6",
                "sha256:be495b8ec5a939a7605274b6e59fbc35e76f5ad814ae010eb679529671c9e119",
                "sha256:dc2d3f3b1548f4d11786616cf0f4415e25b0fbecb8a1d2cd8c07568f13fdde38",
                "sha256:e4aecdd9d5a3d06c337894c9a6e2961898d3f64fe54ca920a72234a3de0f9cb3",
                "sha256:e79ab4485b99eacb2166f3212218dd858258f374855e1568f728462b0e6ee0d9",
                "sha256:f995d3667301e1754c57b04e0bae6f0fa9d710697a9f8d6712e8cca02550910f"
            ],
            "markers": "python_version != '3.3.*' and python_version != '3.2.*' and python_version >= '2.7' and python_version != '3.0.*' and python_version != '3.1.*'",
            "version": "==2.3.1"
        },
        "diskcache": {
            "hashes": [
                "sha256:15f0179c612dca07ff98beb4b15e98fc71809f6edd36320213f19ca42724cbf3",
                "sha256:8a1c503ff61a43c79c44fa40aa37c7257b293ff1641769b0752d888effb0db5c"
            ],
            "version": "==3.0.6"
        },
        "docutils": {
            "hashes": [
                "sha256:02aec4bd92ab067f6ff27a38a38a41173bf01bed8f89157768c1573f53e474a6",
                "sha256:51e64ef2ebfb29cae1faa133b3710143496eca21c530f3f71424d77687764274",
                "sha256:7a4bd47eaf6596e1295ecb11361139febe29b084a87bf005bf899f9a42edc3c6"
            ],
            "version": "==0.14"
        },
        "elmoformanylangs": {
            "editable": true,
            "git": "https://github.com/frankier/ELMoForManyLangs.git",
            "ref": "01f66b22d52cfb7b304c71261eee61cc498e1dcf"
        },
        "finntk": {
            "hashes": [
                "sha256:2c7513b2b1fd2c889f2cf0329daadd6ddc7ee453bec15b970893ba2304774741",
                "sha256:a1410950be06cc1f3b08d753608077b9fe373bdb92c16482960a313657c0d978"
            ],
            "version": "==0.0.27"
        },
        "gensim": {
            "hashes": [
                "sha256:24adaca52e8d821a2f5d5e6fe2e37cf321b1fafb505926ea79a7c2f019ce5b07",
                "sha256:27e1f7ed5a0bb2e93b7c2a6bd3ab71eca0c59568770e45f2df456d3909c0e47d",
                "sha256:2dae73ebe970b8c1b58978799d4936ec52ab1db86929c49194c11a4c75957ef0",
                "sha256:34b36fd3b459b37534c6fe326e90dd41ca8936ef01369c329878ff9add47db96",
                "sha256:3c6103dba32b32d436c816df6e73c4939b8f1b0c40f372804f776105dbff7889",
                "sha256:521b4d5921c26fec82d9989051c2949e477667edee30bb74a9eb43e44bddd6ad",
                "sha256:5d5e3669bf80d6bf557143f5a59ef016ed3f5bcd0313a3490c756b48936a08af",
                "sha256:70baa847bb1bc2c3e1fe1ef874ebdcc97054d253dc7add50a3f6053ca13ef6c6",
                "sha256:74a066c5c0990b7cfbb620d460b80778259dec36aafb1d40fce916d9476817a9",
                "sha256:8020e4500e34e9adc5387356e9b51c78d9a6e0ee5efe624f67e16882e1e1612c",
                "sha256:8437400c1eb243a867a2f34018e58e502f8d645696536383a8a232b13866ad71",
                "sha256:a3facc221c62365b29bc249b36c43f034bc85bb9940b8b6b13a9769264636847",
                "sha256:a5dce235d076b5a17b672f53d605c04367b36c116f1c0b3f1793e44660b7856f",
                "sha256:ba6198b2389b45c2d851b4226c0e653fafb8b706dd181d472211da8b8c1e8fe6",
                "sha256:cb3ea7d70106049c3453e19bda1f72412c358b94faf577a8de64bcd1a90aa4f8",
                "sha256:db9b9dd9410289c4848aef173e105a6c433d31ac6347f1c289bd1ce7632eba84",
                "sha256:e7ccc22df2ccefbef1cf5a5ebaec1467115e2a7d602058e9a5d25ec2a322b3bc",
                "sha256:f43f9d813a3205aaa47159f9f75445621c680905f07606c275e971ed2e48c6e2"
            ],
            "version": "==3.6.0"
        },
        "h5py": {
            "hashes": [
                "sha256:0f8cd2acbacf3177b4427ed42639c911667b1f24d923388ab1f8ad466a12be5e",
                "sha256:11277e3879098f921ee9e29105b20591e1dfdd44963357399f2abaa1a280c560",
                "sha256:1241dec0c94ac32f3285cac1d6f44beabf80423e422ab03bd2686d731a8a9294",
                "sha256:17b8187de0b3a945d8e8d031e7eb6ece2fce90791f9c5fde36f4396bf38fdde1",
                "sha256:2f30007d0796788a454c1293262f19f25e6428317d3d386f78138fba2a44e37d",
                "sha256:308e0758587ee16d4e73e7f2f8aae8351091e343bf0a43d2f697f9535465c816",
                "sha256:37cacddf0e8209905f52537a8cf71da0dd9a4de62bd79247274c97b24a408997",
                "sha256:38a23bb599748adf23d77f74885c0de6f4a7d9baa42f74e476bbf90fba2b47dd",
                "sha256:47ab18b7b7bbc36fd2b606289b703b6f0ee915b923d6ad94dd17ac80ebffc280",
                "sha256:486c78330af0bf33f5077b51d1888c0739c3cd1a03d5aade0d48572b3b5690ca",
                "sha256:4e2183458d6ef1ae87dfb5d6acd0786359336cd9ac0ece6396c09b59fdaa3bd6",
                "sha256:51d0595c3e58814c831f6cd2b664a5bf9590e26262c1d541b380d041e4fcb3c0",
                "sha256:56d259d56822b70881760b243957f04a0cf133f0ec65eae6a33f562826aee899",
                "sha256:5e6e777653169a3cc24ea56bb3d8c845ea391f8914c35bb6f350b0753a52891c",
                "sha256:62bfb0ebb0f59e5dccc0b0dbbc0fc40dd1d1e09d04c0dc71f89790231531d4a2",
                "sha256:67d89b64debfa021b54aa6f24bbf008403bd144748a0148596b518bce80d2fc4",
                "sha256:6bf38571f555fa214493ec6349d29024cc5f313bf1715b09f236c553fd22ae4d",
                "sha256:9214ca445c18a37bfe9c165982c0e317e2f21f035c8d635d1c6d9fcbaf35b7a8",
                "sha256:ab0c52850428d2e86029935389379c2c97f752e76b616da851deec8a4484f8ec",
                "sha256:b2eff336697d8dfd712c5d93fef9f4e4d3e97d9d8c258801836b8664a239e07a",
                "sha256:bb33fabc0b8f3fe3bb0f8d6821b2fad5b2a64c27a0808e8d1c5c1e3362062064",
                "sha256:bd5353ab342bae1262b04745934cc1565df4cbc8d6a979a0c98f42209bd5c265",
                "sha256:bd73444efd1ac06dac27b8405bbe8791a02fd1bc8a2fa0e575257f90b7b57467",
                "sha256:bd932236a2ef91a75fee5d7f4ace80ab494c5a59cd092a67c9785ddb7fdc218c",
                "sha256:c45650de228ace7731e4280e14fb687f6d5c29cd666c5b22b42492b035e994d6",
                "sha256:d5c0c01da45f901a3d429e7ef9e7e22baa869e1affb8715f1bf94e6a30020740",
                "sha256:d75035db5bde802a29f4f29f18bb7548863d29ac90ccbf2c04c11799bbbba2c3",
                "sha256:dda88206dc9464923f27f601000bc5b152ac0bd6d0122f098d4f239150a70076",
                "sha256:e1c2ac5d0aa232c0f60fecc6bd1122346885086a176f939b91058c4c980cc226",
                "sha256:e626c65a8587921ebc7fb8d31a49addfdd0b9a9aa96315ea484c09803337b955"
            ],
            "markers": "python_version != '3.0.*' and python_version != '3.2.*' and python_version >= '2.7' and python_version != '3.1.*' and python_version != '3.3.*'",
            "version": "==2.8.0"
        },
        "heapdict": {
            "hashes": [
                "sha256:40c9e3680616cfdf942f77429a3a9e0a76f31ce965d62f4ffbe63a83a5ef1b5a"
            ],
            "version": "==1.0.0"
        },
        "identify": {
            "hashes": [
                "sha256:5e956558a9a1e3b3891d7c6609fc9709657a11878af288ace484d1a46a93922b",
                "sha256:623086059219cc7b86c77a3891f3700cb175d4ce02b8fb8802b047301d71e783"
            ],
            "version": "==1.1.7"
        },
        "idna": {
            "hashes": [
                "sha256:156a6814fb5ac1fc6850fb002e0852d56c0c8d2531923a51032d1b70760e186e",
                "sha256:684a38a6f903c1d71d6d5fac066b58d7768af4de2b832e426ec79c30daa94a16"
            ],
            "version": "==2.7"
        },
        "jmespath": {
            "hashes": [
                "sha256:6a81d4c9aa62caf061cb517b4d9ad1dd300374cd4706997aff9cd6aedd61fc64",
                "sha256:f11b4461f425740a1d908e9a3f7365c3d2e569f6ca68a2ff8bc5bcd9676edd63"
            ],
            "version": "==0.9.3"
        },
        "langcodes": {
            "hashes": [
                "sha256:22cff103b6c0f3c9907d9a51c2d634177a50a189672ad16d959a3e2cd48eadab"
            ],
            "markers": "python_version != '3.3.*' and python_version != '3.2.*' and python_version >= '2.7' and python_version != '3.0.*' and python_version != '3.1.*'",
            "version": "==1.4.1"
        },
        "lxml": {
            "hashes": [
                "sha256:02bc220d61f46e9b9d5a53c361ef95e9f5e1d27171cd461dddb17677ae2289a5",
                "sha256:22f253b542a342755f6cfc047fe4d3a296515cf9b542bc6e261af45a80b8caf6",
                "sha256:2f31145c7ff665b330919bfa44aacd3a0211a76ca7e7b441039d2a0b0451e415",
                "sha256:36720698c29e7a9626a0dc802ef8885f8f0239bfd1689628ecd459a061f2807f",
                "sha256:438a1b0203545521f6616132bfe0f4bca86f8a401364008b30e2b26ec408ce85",
                "sha256:4815892904c336bbaf73dafd54f45f69f4021c22b5bad7332176bbf4fb830568",
                "sha256:5be031b0f15ad63910d8e5038b489d95a79929513b3634ad4babf77100602588",
                "sha256:5c93ae37c3c588e829b037fdfbd64a6e40c901d3f93f7beed6d724c44829a3ad",
                "sha256:60842230678674cdac4a1cf0f707ef12d75b9a4fc4a565add4f710b5fcf185d5",
                "sha256:62939a8bb6758d1bf923aa1c13f0bcfa9bf5b2fc0f5fa917a6e25db5fe0cfa4e",
                "sha256:75830c06a62fe7b8fe3bbb5f269f0b308f19f3949ac81cfd40062f47c1455faf",
                "sha256:81992565b74332c7c1aff6a913a3e906771aa81c9d0c68c68113cffcae45bc53",
                "sha256:8c892fb0ee52c594d9a7751c7d7356056a9682674b92cc1c4dc968ff0f30c52f",
                "sha256:9d862e3cf4fc1f2837dedce9c42269c8c76d027e49820a548ac89fdcee1e361f",
                "sha256:a623965c086a6e91bb703d4da62dabe59fe88888e82c4117d544e11fd74835d6",
                "sha256:a7783ab7f6a508b0510490cef9f857b763d796ba7476d9703f89722928d1e113",
                "sha256:aab09fbe8abfa3b9ce62aaf45aca2d28726b1b9ee44871dbe644050a2fff4940",
                "sha256:abf181934ac3ef193832fb973fd7f6149b5c531903c2ec0f1220941d73eee601",
                "sha256:ae07fa0c115733fce1e9da96a3ac3fa24801742ca17e917e0c79d63a01eeb843",
                "sha256:b9c78242219f674ab645ec571c9a95d70f381319a23911941cd2358a8e0521cf",
                "sha256:bccb267678b870d9782c3b44d0cefe3ba0e329f9af8c946d32bf3778e7a4f271",
                "sha256:c4df4d27f4c93b2cef74579f00b1d3a31a929c7d8023f870c4b476f03a274db4",
                "sha256:caf0e50b546bb60dfa99bb18dfa6748458a83131ecdceaf5c071d74907e7e78a",
                "sha256:d3266bd3ac59ac4edcd5fa75165dee80b94a3e5c91049df5f7c057ccf097551c",
                "sha256:db0d213987bcd4e6d41710fb4532b22315b0d8fb439ff901782234456556aed1",
                "sha256:dbbd5cf7690a40a9f0a9325ab480d0fccf46d16b378eefc08e195d84299bfae1",
                "sha256:e16e07a0ec3a75b5ee61f2b1003c35696738f937dc8148fbda9fe2147ccb6e61",
                "sha256:e175a006725c7faadbe69e791877d09936c0ef2cf49d01b60a6c1efcb0e8be6f",
                "sha256:edd9c13a97f6550f9da2236126bb51c092b3b1ce6187f2bd966533ad794bbb5e",
                "sha256:fa39ea60d527fbdd94215b5e5552f1c6a912624521093f1384a491a8ad89ad8b"
            ],
            "version": "==4.2.5"
        },
        "marisa-trie": {
            "hashes": [
                "sha256:4419abb6b603c97e863fad994abe57ed247fb12491f4bbacb2d762bd2e8958b6",
                "sha256:c73bc25d868e8c4ea7aa7f1e19892db07bba2463351269b05340ccfa06eb2baf"
            ],
            "markers": "python_version != '3.3.*' and python_version != '3.2.*' and python_version >= '2.7' and python_version != '3.0.*' and python_version != '3.1.*'",
            "version": "==0.7.5"
        },
        "more-itertools": {
            "hashes": [
                "sha256:c187a73da93e7a8acc0001572aebc7e3c69daf7bf6881a2cea10650bd4420092",
                "sha256:c476b5d3a34e12d40130bc2f935028b5f636df8f372dc2c1c01dc19681b2039e",
                "sha256:fcbfeaea0be121980e15bc97b3817b5202ca73d0eae185b4550cbfce2a3ebb3d"
            ],
            "version": "==4.3.0"
        },
        "msgpack": {
            "hashes": [
                "sha256:0b3b1773d2693c70598585a34ca2715873ba899565f0a7c9a1545baef7e7fbdc",
                "sha256:0bae5d1538c5c6a75642f75a1781f3ac2275d744a92af1a453c150da3446138b",
                "sha256:0ee8c8c85aa651be3aa0cd005b5931769eaa658c948ce79428766f1bd46ae2c3",
                "sha256:1369f9edba9500c7a6489b70fdfac773e925342f4531f1e3d4c20ac3173b1ae0",
                "sha256:22d9c929d1d539f37da3d1b0e16270fa9d46107beab8c0d4d2bddffffe895cee",
                "sha256:2ff43e3247a1e11d544017bb26f580a68306cec7a6257d8818893c1fda665f42",
                "sha256:31a98047355d34d047fcdb55b09cb19f633cf214c705a765bd745456c142130c",
                "sha256:8767eb0032732c3a0da92cbec5ac186ef89a3258c6edca09161472ca0206c45f",
                "sha256:8acc8910218555044e23826980b950e96685dc48124a290c86f6f41a296ea172",
                "sha256:ab189a6365be1860a5ecf8159c248f12d33f79ea799ae9695fa6a29896dcf1d4",
                "sha256:cfd6535feb0f1cf1c7cdb25773e965cc9f92928244a8c3ef6f8f8a8e1f7ae5c4",
                "sha256:e274cd4480d8c76ec467a85a9c6635bbf2258f0649040560382ab58cabb44bcf",
                "sha256:f86642d60dca13e93260187d56c2bef2487aa4d574a669e8ceefcf9f4c26fd00",
                "sha256:f8a57cbda46a94ed0db55b73e6ab0c15e78b4ede8690fa491a0e55128d552bb0",
                "sha256:fcea97a352416afcbccd7af9625159d80704a25c519c251c734527329bb20d0e"
            ],
            "version": "==0.5.6"
        },
        "nltk": {
            "editable": true,
            "git": "https://github.com/nltk/nltk",
            "ref": "e1b3fda3768288ba96309dd92fd1ee7943cc43f9"
        },
        "nodeenv": {
            "hashes": [
                "sha256:aa040ab5189bae17d272175609010be6c5b589ec4b8dbd832cc50c9e9cb7496f"
            ],
            "version": "==1.3.2"
        },
        "numpy": {
            "hashes": [
                "sha256:1b1cf8f7300cf7b11ddb4250b3898c711a6187df05341b5b7153db23ffe5d498",
                "sha256:27a0d018f608a3fe34ac5e2b876f4c23c47e38295c47dd0775cc294cd2614bc1",
                "sha256:3fde172e28c899580d32dc21cb6d4a1225d62362f61050b654545c662eac215a",
                "sha256:497d7c86df4f85eb03b7f58a7dd0f8b948b1f582e77629341f624ba301b4d204",
                "sha256:4e28e66cf80c09a628ae680efeb0aa9a066eb4bb7db2a5669024c5b034891576",
                "sha256:58be95faf0ca2d886b5b337e7cba2923e3ad1224b806a91223ea39f1e0c77d03",
                "sha256:5b4dfb6551eaeaf532054e2c6ef4b19c449c2e3a709ebdde6392acb1372ecabc",
                "sha256:63f833a7c622e9082df3cbaf03b4fd92d7e0c11e2f9d87cb57dbf0e84441964b",
                "sha256:71bf3b7ca15b1967bba3a1ef6a8e87286382a8b5e46ac76b42a02fe787c5237d",
                "sha256:733dc5d47e71236263837825b69c975bc08728ae638452b34aeb1d6fa347b780",
                "sha256:82f00a1e2695a0e5b89879aa25ea614530b8ebdca6d49d4834843d498e8a5e92",
                "sha256:866bf72b9c3bfabe4476d866c70ee1714ad3e2f7b7048bb934892335e7b6b1f7",
                "sha256:8aeac8b08f4b8c52129518efcd93706bb6d506ccd17830b67d18d0227cf32d9e",
                "sha256:8d2cfb0aef7ec8759736cce26946efa084cdf49797712333539ef7d135e0295e",
                "sha256:981224224bbf44d95278eb37996162e8beb6f144d2719b144e86dfe2fce6c510",
                "sha256:981daff58fa3985a26daa4faa2b726c4e7a1d45178100125c0e1fdaf2ac64978",
                "sha256:9ad36dbfdbb0cba90a08e7343fadf86f43cf6d87450e8d2b5d71d7c7202907e4",
                "sha256:a251570bb3cb04f1627f23c234ad09af0e54fc8194e026cf46178f2e5748d647",
                "sha256:b5ff7dae352fd9e1edddad1348698e9fea14064460a7e39121ef9526745802e6",
                "sha256:c898f9cca806102fcacb6309899743aa39efb2ad2a302f4c319f54db9f05cd84",
                "sha256:cf4b970042ce148ad8dce4369c02a4078b382dadf20067ce2629c239d76460d1",
                "sha256:d1569013e8cc8f37e9769d19effdd85e404c976cd0ca28a94e3ddc026c216ae8",
                "sha256:dca261e85fe0d34b2c242ecb31c9ab693509af2cf955d9caf01ee3ef3669abd0",
                "sha256:ec8bf53ef7c92c99340972519adbe122e82c81d5b87cbd955c74ba8a8cd2a4ad",
                "sha256:f2e55726a9ee2e8129d6ce6abb466304868051bcc7a09d652b3b07cd86e801a2",
                "sha256:f4dee74f2626c783a3804df9191e9008946a104d5a284e52427a53ff576423cb",
                "sha256:f592fd7fe1f20b5041928cce1330937eca62f9058cb41e69c2c2d83cffc0d1e3",
                "sha256:ffab5b80bba8c86251291b8ce2e6c99a61446459d4c6637f5d5cc8c9ce37c972"
            ],
            "markers": "python_version >= '2.7' and python_version != '3.2.*' and python_version != '3.1.*' and python_version != '3.0.*' and python_version != '3.3.*'",
            "version": "==1.15.2"
        },
        "opencc": {
            "hashes": [
                "sha256:bfca25fb46add057454075ba4c4dfed51c19c09944a960e3920ac22ba24097e2",
                "sha256:c845abfcd6936ea110ff19de0da85e5ed99953cb03836be975bd0d5b163618e1"
            ],
            "version": "==0.2"
        },
        "opus-api": {
            "hashes": [
                "sha256:43c43c75eb43b8a3c82e45e21c52649c97a8cb8917e1e46e299ab0a47ea79352",
                "sha256:694fe267962984a05f452bce83f49cd8ca8b14d8445cefedb7b81d0c016d4f40"
            ],
            "markers": "python_version != '3.3.*' and python_version != '3.2.*' and python_version >= '2.7' and python_version != '3.0.*' and python_version != '3.1.*'",
            "version": "==0.6.2"
        },
        "overrides": {
            "hashes": [
                "sha256:91b59ac1f6f38aae1531f5d6111033b8f4d7e593306bd282c3f9078202567963"
            ],
            "version": "==1.9"
        },
        "plumbum": {
            "hashes": [
                "sha256:d143f079bfb60b11e9bec09a49695ce2e55ce5ca0246877bdb0818ab7c7fc312",
                "sha256:df96a5facf621db4a6d682bdc93afa5ed6b107a8667c73c3f0a0f0fab4217c81"
            ],
            "version": "==1.6.7"
        },
        "portalocker": {
            "hashes": [
                "sha256:3f2a56d3d90e2ac5659ee744336e6953c0050bb61fccb97090a03de5c2a4db9f",
                "sha256:95ec72fd36c230b92634dcffde65686e585a9a8569b9ba806dff41f56e255fbf"
            ],
            "version": "==1.2.1"
        },
        "pre-commit": {
            "hashes": [
                "sha256:98ec318db1f255e3d5089ae416959ef3c775215a3509620027d446eeabbba740",
                "sha256:b68f9219c56b50ebafb57f378c5325f9876d06fb29e9cd05daf5cbd6676ce8f2"
            ],
            "index": "pypi",
            "version": "==1.11.2"
        },
        "pyahocorasick": {
            "hashes": [
                "sha256:3d584e7836ca7b066f99d7fdb384dc6ef7af211b2b139baedbd960c7c279bb7f"
            ],
            "version": "==1.1.8"
        },
        "pycparser": {
            "hashes": [
                "sha256:a988718abfad80b6b157acce7bf130a30876d27603738ac39f140993246b25b3"
            ],
            "markers": "python_version != '3.3.*' and python_version != '3.2.*' and python_version >= '2.7' and python_version != '3.0.*' and python_version != '3.1.*'",
            "version": "==2.19"
        },
        "pygtrie": {
            "hashes": [
                "sha256:28261896d9fea0439d5ee521403812b444c041036d2335b86dbf9c9c2ec1a703"
            ],
            "version": "==2.3"
        },
        "python-dateutil": {
            "hashes": [
                "sha256:1adb80e7a782c12e52ef9a8182bebeb73f1d7e24e374397af06fb4956c8dc5c0",
                "sha256:e27001de32f627c22380a688bcc43ce83504a7bc5da472209b4c70f02829f0b8"
            ],
            "markers": "python_version >= '2.7'",
            "version": "==2.7.3"
        },
        "pyyaml": {
            "hashes": [
                "sha256:3d7da3009c0f3e783b2c873687652d83b1bbfd5c88e9813fb7e5b03c0dd3108b",
                "sha256:3ef3092145e9b70e3ddd2c7ad59bdd0252a94dfe3949721633e41344de00a6bf",
                "sha256:40c71b8e076d0550b2e6380bada1f1cd1017b882f7e16f09a65be98e017f211a",
                "sha256:558dd60b890ba8fd982e05941927a3911dc409a63dcb8b634feaa0cda69330d3",
                "sha256:a7c28b45d9f99102fa092bb213aa12e0aaf9a6a1f5e395d36166639c1f96c3a1",
                "sha256:aa7dd4a6a427aed7df6fb7f08a580d68d9b118d90310374716ae90b710280af1",
                "sha256:bc558586e6045763782014934bfaf39d48b8ae85a2713117d16c39864085c613",
                "sha256:d46d7982b62e0729ad0175a9bc7e10a566fc07b224d2c79fafb5e032727eaa04",
                "sha256:d5eef459e30b09f5a098b9cea68bebfeb268697f78d647bd255a085371ac7f3f",
                "sha256:e01d3203230e1786cd91ccfdc8f8454c8069c91bee3962ad93b87a4b2860f537",
                "sha256:e170a9e6fcfd19021dd29845af83bb79236068bf5fd4df3327c1be18182b2531"
            ],
            "version": "==3.13"
        },
        "regex": {
            "hashes": [
                "sha256:1b428a296531ea1642a7da48562746309c5c06471a97bd0c02dd6a82e9cecee8",
                "sha256:27d72bb42dffb32516c28d218bb054ce128afd3e18464f30837166346758af67",
                "sha256:32cf4743debee9ea12d3626ee21eae83052763740e04086304e7a74778bf58c9",
                "sha256:32f6408dbca35040bc65f9f4ae1444d5546411fde989cb71443a182dd643305e",
                "sha256:333687d9a44738c486735955993f83bd22061a416c48f5a5f9e765e90cf1b0c9",
                "sha256:35eeccf17af3b017a54d754e160af597036435c58eceae60f1dd1364ae1250c7",
                "sha256:361a1fd703a35580a4714ec28d85e29780081a4c399a99bbfb2aee695d72aedb",
                "sha256:494bed6396a20d3aa6376bdf2d3fbb1005b8f4339558d8ac7b53256755f80303",
                "sha256:5b9c0ddd5b4afa08c9074170a2ea9b34ea296e32aeea522faaaaeeeb2fe0af2e",
                "sha256:a50532f61b23d4ab9d216a6214f359dd05c911c1a1ad20986b6738a782926c1a",
                "sha256:a9243d7b359b72c681a2c32eaa7ace8d346b7e8ce09d172a683acf6853161d9c",
                "sha256:b44624a38d07d3c954c84ad302c29f7930f4bf01443beef5589e9157b14e2a29",
                "sha256:be42a601aaaeb7a317f818490a39d153952a97c40c6e9beeb2a1103616405348",
                "sha256:eee4d94b1a626490fc8170ffd788883f8c641b576e11ba9b4a29c9f6623371e0",
                "sha256:f69d1201a4750f763971ea8364ed95ee888fc128968b39d38883a72a4d005895"
            ],
            "version": "==2018.2.21"
        },
        "requests": {
            "hashes": [
                "sha256:63b52e3c866428a224f97cab011de738c36aec0185aa91cfacd418b5d58911d1",
                "sha256:ec22d826a36ed72a7358ff3fe56cbd4ba69dd7a6718ffd450ff0e9df7a47ce6a"
            ],
            "version": "==2.19.1"
        },
        "s3transfer": {
            "hashes": [
                "sha256:90dc18e028989c609146e241ea153250be451e05ecc0c2832565231dacdf59c1",
                "sha256:c7a9ec356982d5e9ab2d4b46391a7d6a950e2b04c472419f5fdec70cc0ada72f"
            ],
            "version": "==0.1.13"
        },
        "scikit-learn": {
            "hashes": [
                "sha256:1ca280bbdeb0f9950f9427c71e29d9f14e63b2ffa3e8fdf95f25e13773e6d898",
                "sha256:33ad23aa0928c64567a24aac771aea4e179fab2a20f9f786ab00ca9fe0a13c82",
                "sha256:344bc433ccbfbadcac8c16b4cec9d7c4722bcea9ce19f6da42e2c2f805571941",
                "sha256:35ee532b5e992a6e8d8a71d325fd9e0b58716894657e7d3da3e7a1d888c2e7d4",
                "sha256:37cbbba2d2a3895bba834d50488d22268a511279e053135bb291f637fe30512b",
                "sha256:40cf1908ee712545f4286cc21f3ee21f3466c81438320204725ab37c96849f27",
                "sha256:4130760ac54f5946523c1a1fb32a6c0925e5245f77285270a8f6fb5901b7b733",
                "sha256:46cc8c32496f02affde7abe507af99cd752de0e41aec951a0bc40c693c2a1e07",
                "sha256:4a364cf22be381a17c05ada9f9ce102733a0f75893c51b83718cd9358444921e",
                "sha256:56aff3fa3417cd69807c1c74db69aee34ce08d7161cbdfebbff9b4023d9d224b",
                "sha256:58debb34a15cfc03f4876e450068dbd711d9ec36ae5503ed2868f2c1f88522f7",
                "sha256:7bcf7ade62ef3443470af32afb82646640d653f42502cf31a13cc17d3ff85d57",
                "sha256:7d4eab203ed260075f47e2bf6a2bd656367e4e8683b3ad46d4651070c5d1e9aa",
                "sha256:86697c6e4c2d74fbbf110c6d5979d34196a55108fa9896bf424f9795a8d935ad",
                "sha256:911115db6669c9b11efd502dcc5483cd0c53e4e3c4bcdfe2e73bbb27eb5e81da",
                "sha256:97d1d971f8ec257011e64b7d655df68081dd3097322690afa1a71a1d755f8c18",
                "sha256:99f22c3228ec9ab3933597825dc7d595b6c8c7b9ae725cfa557f16353fac8314",
                "sha256:a2e18e5a4095b3ca4852eb087d28335f3bb8515df4ccf906d380ee627613837f",
                "sha256:a3070f71a4479a9827148609f24f2978f10acffa3b8012fe9606720d271066bd",
                "sha256:a6a197499429d2eaa2ae922760aa3966ef353545422d5f47ea2ca9369cbf7d26",
                "sha256:a7f6f5b3bc7b8e2066076098788579af12bd507ccea8ca6859e52761aa61eaca",
                "sha256:a82b90b6037fcc6b311431395c11b02555a3fbf96921a0667c8f8b0c495991cb",
                "sha256:ab2c4266b8cd159a266eb03c709ad5400756dca9c45aa48fb523263344475093",
                "sha256:b983a2dfdb9d707c78790608bcfd63692e5c2d996865a9689f3db768d0a2978d",
                "sha256:bb33d447f4c6fb164d426467d7bf8a4901c303333c5809b85319b2e0626763cd",
                "sha256:bc2a0116a67081167f1fbfed731d361671e5925db291b70e65fa66170045c53f",
                "sha256:bd189f6d0c2fdccb7c0d3fd1227c6626dc17d00257edbb63dd7c88f31928db61",
                "sha256:d393f810da9cd4746cad7350fb89f0509c3ae702c79d2ba8bd875201be4102d1"
            ],
            "markers": "python_version != '3.0.*' and python_version != '3.1.*' and python_version != '3.3.*' and python_version != '3.2.*' and python_version >= '2.7'",
            "version": "==0.20.0"
        },
        "scipy": {
            "hashes": [
                "sha256:0611ee97296265af4a21164a5323f8c1b4e8e15c582d3dfa7610825900136bb7",
                "sha256:08237eda23fd8e4e54838258b124f1cd141379a5f281b0a234ca99b38918c07a",
                "sha256:0e645dbfc03f279e1946cf07c9c754c2a1859cb4a41c5f70b25f6b3a586b6dbd",
                "sha256:0e9bb7efe5f051ea7212555b290e784b82f21ffd0f655405ac4f87e288b730b3",
                "sha256:108c16640849e5827e7d51023efb3bd79244098c3f21e4897a1007720cb7ce37",
                "sha256:340ef70f5b0f4e2b4b43c8c8061165911bc6b2ad16f8de85d9774545e2c47463",
                "sha256:3ad73dfc6f82e494195144bd3a129c7241e761179b7cb5c07b9a0ede99c686f3",
                "sha256:3b243c77a822cd034dad53058d7c2abf80062aa6f4a32e9799c95d6391558631",
                "sha256:404a00314e85eca9d46b80929571b938e97a143b4f2ddc2b2b3c91a4c4ead9c5",
                "sha256:423b3ff76957d29d1cce1bc0d62ebaf9a3fdfaf62344e3fdec14619bb7b5ad3a",
                "sha256:42d9149a2fff7affdd352d157fa5717033767857c11bd55aa4a519a44343dfef",
                "sha256:625f25a6b7d795e8830cb70439453c9f163e6870e710ec99eba5722775b318f3",
                "sha256:698c6409da58686f2df3d6f815491fd5b4c2de6817a45379517c92366eea208f",
                "sha256:729f8f8363d32cebcb946de278324ab43d28096f36593be6281ca1ee86ce6559",
                "sha256:8190770146a4c8ed5d330d5b5ad1c76251c63349d25c96b3094875b930c44692",
                "sha256:878352408424dffaa695ffedf2f9f92844e116686923ed9aa8626fc30d32cfd1",
                "sha256:8b984f0821577d889f3c7ca8445564175fb4ac7c7f9659b7c60bef95b2b70e76",
                "sha256:8f841bbc21d3dad2111a94c490fb0a591b8612ffea86b8e5571746ae76a3deac",
                "sha256:c22b27371b3866c92796e5d7907e914f0e58a36d3222c5d436ddd3f0e354227a",
                "sha256:d0cdd5658b49a722783b8b4f61a6f1f9c75042d0e29a30ccb6cacc9b25f6d9e2",
                "sha256:d40dc7f494b06dcee0d303e51a00451b2da6119acbeaccf8369f2d29e28917ac",
                "sha256:d8491d4784aceb1f100ddb8e31239c54e4afab8d607928a9f7ef2469ec35ae01",
                "sha256:dfc5080c38dde3f43d8fbb9c0539a7839683475226cf83e4b24363b227dfe552",
                "sha256:e24e22c8d98d3c704bb3410bce9b69e122a8de487ad3dbfe9985d154e5c03a40",
                "sha256:e7a01e53163818d56eabddcafdc2090e9daba178aad05516b20c6591c4811020",
                "sha256:ee677635393414930541a096fc8e61634304bb0153e4e02b75685b11eba14cae",
                "sha256:f0521af1b722265d824d6ad055acfe9bd3341765735c44b5a4d0069e189a0f40",
                "sha256:f25c281f12c0da726c6ed00535ca5d1622ec755c30a3f8eafef26cf43fede694"
            ],
            "markers": "python_version != '3.3.*' and python_version != '3.2.*' and python_version >= '2.7' and python_version != '3.0.*' and python_version != '3.1.*'",
            "version": "==1.1.0"
        },
        "selenium": {
            "hashes": [
                "sha256:ab192cd046164c40fabcf44b47c66c8b12495142f4a69dcc55ea6eeef096e614",
                "sha256:fdb6b1143d8899e8a32e358ad05bf5d89a480dbac359dbbd341592aa8696dcd1"
            ],
            "markers": "python_version >= '2.6' and python_version != '3.2.*' and python_version < '4' and python_version != '3.1.*' and python_version != '3.0.*' and python_version != '3.3.*'",
            "version": "==3.14.1"
        },
        "singledispatch": {
            "hashes": [
                "sha256:5b06af87df13818d14f08a028e42f566640aef80805c3b50c5056b086e3c2b9c",
                "sha256:833b46966687b3de7f438c761ac475213e53b306740f1abfaa86e1d1aae56aa8"
            ],
            "version": "==3.4.0.3"
        },
        "six": {
            "hashes": [
                "sha256:70e8a77beed4562e7f14fe23a786b54f6296e34344c23bc42f07b15018ff98e9",
                "sha256:832dc0e10feb1aa2c68dcc57dbb658f1c7e65b9b61af69048abc87a2db00a0eb"
            ],
            "version": "==1.11.0"
        },
        "smart-open": {
            "hashes": [
                "sha256:57c568d104c37dbdf5598c41e94b5b143c38dd275bc2856242b8597cfede9453"
            ],
            "version": "==1.7.1"
        },
        "stiff": {
            "editable": true,
            "git": "https://github.com/frankier/STIFF.git",
            "ref": "fb6392dc98ae06b8252a660a244a5d6edd191ffd"
        },
        "streamz": {
            "hashes": [
                "sha256:1c35da8242a980fc77944beb3d61af12be37e10581a9567b5ff0e4b474bc75b8",
                "sha256:cfdd42aa62df299f550768de5002ec83112136a34b44441db9d633b2df802fb4"
            ],
            "version": "==0.5.0"
        },
        "tinydb": {
            "hashes": [
                "sha256:2b3dfb59dfb981bf719773bbf78e10ff2081104fe62793d1c4bdbd6f9c62a843",
                "sha256:643807a7793c6ee358d7d7b548ea0828660bff1899b178307bb862e97df645b1"
            ],
            "index": "pypi",
            "version": "==3.11.1"
        },
        "tinyrecord": {
            "hashes": [
                "sha256:bc7e6a8e78600df234d7a85c2f5d584130f2c6ffd7cd310f9d3a1d976d3373c8"
            ],
            "index": "pypi",
            "version": "==0.1.5"
        },
        "toml": {
            "hashes": [
                "sha256:229f81c57791a41d65e399fc06bf0848bab550a9dfd5ed66df18ce5f05e73d5c",
                "sha256:235682dd292d5899d361a811df37e04a8828a5b1da3115886b73cf81ebc9100e"
            ],
            "version": "==0.10.0"
        },
        "toolz": {
            "hashes": [
                "sha256:929f0a7ea7f61c178bd951bdae93920515d3fbdbafc8e6caf82d752b9b3b31c9"
            ],
            "version": "==0.9.0"
        },
        "torch": {
            "hashes": [
                "sha256:61d653dc464bc51402b73379af9a025b3b7eaa258b37e576601e3e0d92f2b97e"
            ],
            "version": "==0.4.1.post2"
        },
        "tornado": {
            "hashes": [
                "sha256:0662d28b1ca9f67108c7e3b77afabfb9c7e87bde174fbda78186ecedc2499a9d",
                "sha256:4e5158d97583502a7e2739951553cbd88a72076f152b4b11b64b9a10c4c49409",
                "sha256:732e836008c708de2e89a31cb2fa6c0e5a70cb60492bee6f1ea1047500feaf7f",
                "sha256:8154ec22c450df4e06b35f131adc4f2f3a12ec85981a203301d310abf580500f",
                "sha256:8e9d728c4579682e837c92fdd98036bd5cdefa1da2aaf6acf26947e6dd0c01c5",
                "sha256:d4b3e5329f572f055b587efc57d29bd051589fb5a43ec8898c77a47ec2fa2bbb",
                "sha256:e5f2585afccbff22390cddac29849df463b252b711aa2ce7c5f3f342a5b3b444"
            ],
            "markers": "python_version != '3.3.*' and python_version != '3.2.*' and python_version >= '2.7' and python_version != '3.0.*' and python_version != '3.1.*'",
            "version": "==5.1.1"
        },
        "urllib3": {
            "hashes": [
                "sha256:a68ac5e15e76e7e5dd2b8f94007233e01effe3e50e8daddf69acfd81cb686baf",
                "sha256:b5725a0bd4ba422ab0e66e89e030c806576753ea3ee08554382c14e685d117b5"
            ],
            "markers": "python_version < '4' and python_version != '3.3.*' and python_version != '3.2.*' and python_version >= '2.6' and python_version != '3.0.*' and python_version != '3.1.*'",
            "version": "==1.23"
        },
        "virtualenv": {
            "hashes": [
                "sha256:2ce32cd126117ce2c539f0134eb89de91a8413a29baac49cbab3eb50e2026669",
                "sha256:ca07b4c0b54e14a91af9f34d0919790b016923d157afda5efdde55c96718f752"
            ],
            "markers": "python_version >= '2.7' and python_version != '3.0.*' and python_version != '3.2.*' and python_version != '3.1.*'",
            "version": "==16.0.0"
        },
        "wordfreq": {
            "hashes": [
                "sha256:29fc02ee145f243ea7facc52c737603bf67c18f3c8c8e0e0d7066037e12539a1"
            ],
            "markers": "python_version != '3.3.*' and python_version != '3.2.*' and python_version >= '2.7' and python_version != '3.0.*' and python_version != '3.1.*'",
            "version": "==2.2.0"
        },
        "zict": {
            "hashes": [
                "sha256:63377f063086fc92e5c16e4d02162c571f6470b9e796cf3411ef9e815c96b799",
                "sha256:c7fbbd9d93f9bb8f2dd85c680fa74abcb7d399d20a1640c2382a567eb5dc15e5"
            ],
            "version": "==0.1.3"
        }
    },
    "develop": {}
}
